
Microsoft Visual Studio Solution File, Format Version 12.00
# Visual Studio Version 16
VisualStudioVersion = 16.0.30309.148
MinimumVisualStudioVersion = 10.0.40219.1
Project("{FAE04EC0-301F-11D3-BF4B-00C04F79EFBC}") = "MapWiki", "MapWiki\MapWiki.csproj", "{662D312E-595F-4051-B92D-198E8766201E}"
EndProject
Global
	GlobalSection(SolutionConfigurationPlatforms) = preSolution
		Debug|Any CPU = Debug|Any CPU
		Release|Any CPU = Release|Any CPU
	EndGlobalSection
	GlobalSection(ProjectConfigurationPlatforms) = postSolution
		{662D312E-595F-4051-B92D-198E8766201E}.Debug|Any CPU.ActiveCfg = Debug|Any CPU
		{662D312E-595F-4051-B92D-198E8766201E}.Debug|Any CPU.Build.0 = Debug|Any CPU
		{662D312E-595F-4051-B92D-198E8766201E}.Release|Any CPU.ActiveCfg = Release|Any CPU
		{662D312E-595F-4051-B92D-198E8766201E}.Release|Any CPU.Build.0 = Release|Any CPU
	EndGlobalSection
	GlobalSection(SolutionProperties) = preSolution
		HideSolutionNode = FALSE
	EndGlobalSection
	GlobalSection(ExtensibilityGlobals) = postSolution
		SolutionGuid = {C0B70CDB-775F-4B01-B028-8CE3C575A571}
	EndGlobalSection
EndGlobal
